github.com/davecgh/go-spew v1.1.1 h1:vj9j/u1bqnvCEfJOwUhtlOARqs3+rkHYY13jYWTU97c=
github.com/felixge/httpsnoop v1.0.3 h1:s/nj+GCswXYzN5v2DpNMuMQYe+0DDwt5WVCU6CWBdXk=
github.com/felixge/httpsnoop v1.0.3/go.mod h1:m8KPJKqk1gH5J9DgRY2ASl2lWCfGKXixSwevea8zH2U=
github.com/go-logr/logr v1.2.2/go.mod h1:jdQByPbusPIv2/zmleS9BjJVeZ6kBagPoEUsqbVz/1A=
github.com/go-logr/logr v1.2.4 h1:g01GSCwiDw2xSZfjJ2/T9M+S6pFdcNtFYsp+Y43HYDQ=
github.com/go-logr/logr v1.2.4/go.mod h1:jdQByPbusPIv2/zmleS9BjJVeZ6kBagPoEUsqbVz/1A=
github.com/go-logr/stdr v1.2.2 h1:hSWxHoqTgW2S2qGc0LTAI563KZ5YKYRhT3MFKZMbjag=
github.com/go-logr/stdr v1.2.2/go.mod h1:mMo/vtBO5dYbehREoey6XUKy/eSumjCCveDpRre4VKE=
github.com/go-sql-driver/mysql v1.6.0 h1:BCTh4TKNUYmOmMUcQ3IipzF5prigylS7XXjEkfCHuOE=
github.com/go-sql-driver/mysql v1.6.0/go.mod h1:DCzpHaOWr8IXmIStZouvnhqoel9Qv2LBy8hT2VhHyBg=
github.com/google/go-cmp v0.5.9 h1:O2Tfq5qg4qc4AmwVlvv0oLiVAGB7enBSJ2x2DqQFi38=
github.com/google/sqlcommenter/go/core v0.0.5-beta h1:axqYR1zQCCdRBLnwr/j+ckllBSBJ7uaVdsnANuGzCUI=
github.com/google/sqlcommenter/go/core v0.0.5-beta/go.mod h1:GORu2htXRC4xtejBzOa4ct1L20pohP81DFNYKdCJI70=
github.com/google/sqlcommenter/go/database/sql v0.0.3-beta h1:1f989k6obpu99gl/wX7cS6zHQwa77p5NrQABCg0X80Y=
github.com/google/sqlcommenter/go/database/sql v0.0.3-beta/go.mod h1:Bmr95q93SPegEZ04UpJTVSr+okVqZTR3tM4Tom4f0b4=
github.com/google/sqlcommenter/go/gorrila/mux v0.0.2-beta h1:wJV2txZXFLPDLCgM1isWT47SA54bTZpT/hmzCeO4FxI=
github.com/google/sqlcommenter/go/gorrila/mux v0.0.2-beta/go.mod h1:xhQX/UtJVH6+dzvU+ULSVyepXvnqMqBPZay4l8m1WfM=
github.com/google/sqlcommenter/go/net/http v0.0.3-beta h1:IE/vO3xKddn/2Bq3k+hSy4CxcEuvE1lUiIDYTXjApzA=
github.com/google/sqlcommenter/go/net/http v0.0.3-beta/go.mod h1:duXQQvXZYCX8eQ+XOrlojWF512ltEp1eSKXc/KiS9lg=
github.com/gorilla/mux v1.8.0 h1:i40aqfkR1h2SlN9hojwV5ZA91wcXFOvkdNIeFDP5koI=
github.com/gorilla/mux v1.8.0/go.mod h1:DVbg23sWSpFRCP0SfiEN6jmj59UnW/n46BH5rLB71So=
github.com/lib/pq v1.10.7 h1:p7ZhMD+KsSRozJr34udlUrhboJwWAgCg34+/ZZNvZZw=
github.com/lib/pq v1.10.7/go.mod h1:AlVN5x4E4T544tWzH6hKfbfQvm3HdbOxrmggDNAPY9o=
github.com/pmezard/go-difflib v1.0.0 h1:4DBwDE0NGyQoBHbLQYPwSUPoCMWR5BEzIk/f1lZbAQM=
github.com/stretchr/testify v1.8.4 h1:CcVxjf3Q8PM0mHUKJCdn+eZZtm5yQwehR5yeSVQQcUk=
go.opentelemetry.io/contrib/instrumentation/github.com/gorilla/mux/otelmux v0.44.0 h1:QaNUlLvmettd1vnmFHrgBYQHearxWP3uO4h4F3pVtkM=
go.opentelemetry.io/contrib/instrumentation/github.com/gorilla/mux/otelmux v0.44.0/go.mod h1:cJu+5jZwoZfkBOECSFtBZK/O7h/pY5djn0fwnIGnQ4A=
go.opentelemetry.io/otel v1.18.0 h1:TgVozPGZ01nHyDZxK5WGPFB9QexeTMXEH7+tIClWfzs=
go.opentelemetry.io/otel v1.18.0/go.mod h1:9lWqYO0Db579XzVuCKFNPDl4s73Voa+zEck3wHaAYQI=
go.opentelemetry.io/otel/exporters/stdout/stdouttrace v1.11.1 h1:3Yvzs7lgOw8MmbxmLRsQGwYdCubFmUHSooKaEhQunFQ=
go.opentelemetry.io/otel/exporters/stdout/stdouttrace v1.11.1/go.mod h1:pyHDt0YlyuENkD2VwHsiRDf+5DfI3EH7pfhUYW6sQUE=
go.opentelemetry.io/otel/metric v1.18.0 h1:JwVzw94UYmbx3ej++CwLUQZxEODDj/pOuTCvzhtRrSQ=
go.opentelemetry.io/otel/metric v1.18.0/go.mod h1:nNSpsVDjWGfb7chbRLUNW+PBNdcSTHD4Uu5pfFMOI0k=
go.opentelemetry.io/otel/sdk v1.11.1 h1:F7KmQgoHljhUuJyA+9BiU+EkJfyX5nVVF4wyzWZpKxs=
go.opentelemetry.io/otel/sdk v1.11.1/go.mod h1:/l3FE4SupHJ12TduVjUkZtlfFqDCQJlOlithYrdktys=
go.opentelemetry.io/otel/trace v1.18.0 h1:NY+czwbHbmndxojTEKiSMHkG2ClNH2PwmcHrdo0JY10=
go.opentelemetry.io/otel/trace v1.18.0/go.mod h1:T2+SGJGuYZY3bjj5rgh/hN7KIrlpWC5nS8Mjvzckz+0=
golang.org/x/sys v0.0.0-20220927170352-d9d178bc13c6 h1:cy1ko5847T/lJ45eyg/7uLprIE/amW5IXxGtEnQdYMI=
golang.org/x/sys v0.0.0-20220927170352-d9d178bc13c6/go.mod h1:oPkhp1MJrh7nUepCBck5+mAzfO9JrbApNNgaTdGDITg=
gopkg.in/yaml.v3 v3.0.1 h1:fxVm/GzAzEWqLHuvctI91KS9hhNmmWOoWu0XTYJS7CA=
