github.com/google/sqlcommenter/go/core v0.0.3-beta h1:gWUfq/UyMPEmHpAyhjcsGGAXRCV2fjB6e6F8CPedlnU=
github.com/google/sqlcommenter/go/core v0.0.3-beta/go.mod h1:GORu2htXRC4xtejBzOa4ct1L20pohP81DFNYKdCJI70=
github.com/google/sqlcommenter/go/net/http v0.0.2-beta/go.mod h1:1sd6t92iCHaNQc/v5qxTHp+td7KNoD8IIeG4BRetFZo=
github.com/google/sqlcommenter/go/net/http v0.0.3-beta h1:IE/vO3xKddn/2Bq3k+hSy4CxcEuvE1lUiIDYTXjApzA=
github.com/google/sqlcommenter/go/net/http v0.0.3-beta/go.mod h1:duXQQvXZYCX8eQ+XOrlojWF512ltEp1eSKXc/KiS9lg=
github.com/gorilla/mux v1.8.0 h1:i40aqfkR1h2SlN9hojwV5ZA91wcXFOvkdNIeFDP5koI=
github.com/gorilla/mux v1.8.0/go.mod h1:DVbg23sWSpFRCP0SfiEN6jmj59UnW/n46BH5rLB71So=
go.opentelemetry.io/otel v1.10.0 h1:Y7DTJMR6zs1xkS/upamJYk0SxxN4C9AqRd77jmZnyY4=
go.opentelemetry.io/otel v1.10.0/go.mod h1:NbvWjCthWHKBEUMpf0/v8ZRZlni86PpGFEMA9pnQSnQ=
go.opentelemetry.io/otel v1.11.1 h1:4WLLAmcfkmDk2ukNXJyq3/kiz/3UzCaYq6PskJsaou4=
go.opentelemetry.io/otel v1.11.1/go.mod h1:1nNhXBbWSD0nsL38H6btgnFN2k4i0sNLHNNMZMSbUGE=
go.opentelemetry.io/otel/trace v1.10.0 h1:npQMbR8o7mum8uF95yFbOEJffhs1sbCOfDh8zAJiH5E=
go.opentelemetry.io/otel/trace v1.10.0/go.mod h1:Sij3YYczqAdz+EhmGhE6TpTxUO5/F/AzrK+kxfGqySM=
go.opentelemetry.io/otel/trace v1.11.1 h1:ofxdnzsNrGBYXbP7t7zpUK281+go5rF7dvdIZXF8gdQ=
go.opentelemetry.io/otel/trace v1.11.1/go.mod h1:f/Q9G7vzk5u91PhbmKbg1Qn0rzH1LJ4vbPHFGkTPtOk=
